
Microsoft Visual Studio Solution File, Format Version 12.00
# Visual Studio Version 16
VisualStudioVersion = 16.0.29215.179
MinimumVisualStudioVersion = 10.0.40219.1
Project("{FAE04EC0-301F-11D3-BF4B-00C04F79EFBC}") = "GameEngine", "GameEngine\GameEngine.csproj", "{90974326-96C7-49C0-AFA5-41569AC72F9D}"
EndProject
Project("{FAE04EC0-301F-11D3-BF4B-00C04F79EFBC}") = "Game1", "Game1\Game1.csproj", "{85C01421-5818-46C5-91D7-5345FD5EF4F6}"
EndProject
Project("{FAE04EC0-301F-11D3-BF4B-00C04F79EFBC}") = "Lab04", "Lab04\Lab04.csproj", "{AA13ADE1-651F-48CA-A6C7-B2F992B4F4E8}"
EndProject
Project("{FAE04EC0-301F-11D3-BF4B-00C04F79EFBC}") = "Assignment1", "Assignment1\Assignment1.csproj", "{64B0C105-C79A-4451-BD1A-BB7FC6B0C98C}"
EndProject
Project("{FAE04EC0-301F-11D3-BF4B-00C04F79EFBC}") = "Lab03", "Lab03\Lab03.csproj", "{4A30DE04-5A56-4867-9EC9-C44ADB1FD9C7}"
EndProject
Project("{FAE04EC0-301F-11D3-BF4B-00C04F79EFBC}") = "Lab02", "Lab02\Lab02.csproj", "{A441431D-50A5-47EB-AD6B-7FCACD510EBB}"
EndProject
Project("{FAE04EC0-301F-11D3-BF4B-00C04F79EFBC}") = "Lab05", "Lab05\Lab05.csproj", "{417BCE57-1F9C-4F42-A26A-8256DCBF4AFD}"
EndProject
Project("{FAE04EC0-301F-11D3-BF4B-00C04F79EFBC}") = "Assignment02", "Assignment02\Assignment02.csproj", "{5FAE4A71-D772-409D-94B9-51649958898B}"
EndProject
Project("{FAE04EC0-301F-11D3-BF4B-00C04F79EFBC}") = "Lab06", "Lab06\Lab06.csproj", "{F7FD3302-ADB6-43AD-9EA2-1AE76CDB6DCE}"
EndProject
Project("{FAE04EC0-301F-11D3-BF4B-00C04F79EFBC}") = "Lab07", "Lab07\Lab07.csproj", "{45A79E6B-7D07-40E5-AA72-3E6D91FA0402}"
EndProject
Project("{FAE04EC0-301F-11D3-BF4B-00C04F79EFBC}") = "Assignment03", "Assignment03\Assignment03.csproj", "{950C89CA-93E0-434C-8784-9B687251C679}"
EndProject
Project("{FAE04EC0-301F-11D3-BF4B-00C04F79EFBC}") = "Lab08", "Lab08\Lab08.csproj", "{2484F0BE-B784-41BB-9744-1030D4A5A87A}"
EndProject
Project("{FAE04EC0-301F-11D3-BF4B-00C04F79EFBC}") = "Lab09", "Lab09\Lab09.csproj", "{9FDFEDA6-3E46-4F0D-87FE-D74C08BB54EE}"
EndProject
Project("{FAE04EC0-301F-11D3-BF4B-00C04F79EFBC}") = "Tutorial", "Tutorial\Tutorial.csproj", "{5E420AC1-AE30-4FF6-BBA0-2FF12FC785B2}"
EndProject
Project("{FAE04EC0-301F-11D3-BF4B-00C04F79EFBC}") = "Assignment4", "Assignment4\Assignment4.csproj", "{0FD49EE4-8869-4A0A-9B05-F981A4A8C720}"
EndProject
Project("{FAE04EC0-301F-11D3-BF4B-00C04F79EFBC}") = "Lab10", "Lab10\Lab10.csproj", "{A1D5731D-AD13-4077-AF3B-A5F18E2ECA5D}"
EndProject
Project("{FAE04EC0-301F-11D3-BF4B-00C04F79EFBC}") = "SpaceInvaders2", "SpaceInvaders2\SpaceInvaders2.csproj", "{4055DA56-89F1-4D88-9410-AEF5D8CB5A38}"
EndProject
Project("{FAE04EC0-301F-11D3-BF4B-00C04F79EFBC}") = "Assignment5", "Assignment5\Assignment5.csproj", "{A2427068-DA0E-4DD9-A364-6C5533C467D9}"
EndProject
Project("{FAE04EC0-301F-11D3-BF4B-00C04F79EFBC}") = "lab11", "lab11\lab11.csproj", "{D521DADA-966F-4592-B72F-BF5ACA2E9F87}"
EndProject
Global
	GlobalSection(SolutionConfigurationPlatforms) = preSolution
		Debug|x86 = Debug|x86
		Release|x86 = Release|x86
	EndGlobalSection
	GlobalSection(ProjectConfigurationPlatforms) = postSolution
		{90974326-96C7-49C0-AFA5-41569AC72F9D}.Debug|x86.ActiveCfg = Debug|x86
		{90974326-96C7-49C0-AFA5-41569AC72F9D}.Debug|x86.Build.0 = Debug|x86
		{90974326-96C7-49C0-AFA5-41569AC72F9D}.Release|x86.ActiveCfg = Release|x86
		{90974326-96C7-49C0-AFA5-41569AC72F9D}.Release|x86.Build.0 = Release|x86
		{85C01421-5818-46C5-91D7-5345FD5EF4F6}.Debug|x86.ActiveCfg = Debug|x86
		{85C01421-5818-46C5-91D7-5345FD5EF4F6}.Debug|x86.Build.0 = Debug|x86
		{85C01421-5818-46C5-91D7-5345FD5EF4F6}.Release|x86.ActiveCfg = Release|x86
		{85C01421-5818-46C5-91D7-5345FD5EF4F6}.Release|x86.Build.0 = Release|x86
		{AA13ADE1-651F-48CA-A6C7-B2F992B4F4E8}.Debug|x86.ActiveCfg = Debug|x86
		{AA13ADE1-651F-48CA-A6C7-B2F992B4F4E8}.Debug|x86.Build.0 = Debug|x86
		{AA13ADE1-651F-48CA-A6C7-B2F992B4F4E8}.Release|x86.ActiveCfg = Release|x86
		{AA13ADE1-651F-48CA-A6C7-B2F992B4F4E8}.Release|x86.Build.0 = Release|x86
		{64B0C105-C79A-4451-BD1A-BB7FC6B0C98C}.Debug|x86.ActiveCfg = Debug|x86
		{64B0C105-C79A-4451-BD1A-BB7FC6B0C98C}.Debug|x86.Build.0 = Debug|x86
		{64B0C105-C79A-4451-BD1A-BB7FC6B0C98C}.Release|x86.ActiveCfg = Release|x86
		{64B0C105-C79A-4451-BD1A-BB7FC6B0C98C}.Release|x86.Build.0 = Release|x86
		{4A30DE04-5A56-4867-9EC9-C44ADB1FD9C7}.Debug|x86.ActiveCfg = Debug|x86
		{4A30DE04-5A56-4867-9EC9-C44ADB1FD9C7}.Debug|x86.Build.0 = Debug|x86
		{4A30DE04-5A56-4867-9EC9-C44ADB1FD9C7}.Release|x86.ActiveCfg = Release|x86
		{4A30DE04-5A56-4867-9EC9-C44ADB1FD9C7}.Release|x86.Build.0 = Release|x86
		{A441431D-50A5-47EB-AD6B-7FCACD510EBB}.Debug|x86.ActiveCfg = Debug|x86
		{A441431D-50A5-47EB-AD6B-7FCACD510EBB}.Debug|x86.Build.0 = Debug|x86
		{A441431D-50A5-47EB-AD6B-7FCACD510EBB}.Release|x86.ActiveCfg = Release|x86
		{A441431D-50A5-47EB-AD6B-7FCACD510EBB}.Release|x86.Build.0 = Release|x86
		{417BCE57-1F9C-4F42-A26A-8256DCBF4AFD}.Debug|x86.ActiveCfg = Debug|x86
		{417BCE57-1F9C-4F42-A26A-8256DCBF4AFD}.Debug|x86.Build.0 = Debug|x86
		{417BCE57-1F9C-4F42-A26A-8256DCBF4AFD}.Release|x86.ActiveCfg = Release|x86
		{417BCE57-1F9C-4F42-A26A-8256DCBF4AFD}.Release|x86.Build.0 = Release|x86
		{5FAE4A71-D772-409D-94B9-51649958898B}.Debug|x86.ActiveCfg = Debug|x86
		{5FAE4A71-D772-409D-94B9-51649958898B}.Debug|x86.Build.0 = Debug|x86
		{5FAE4A71-D772-409D-94B9-51649958898B}.Release|x86.ActiveCfg = Release|x86
		{5FAE4A71-D772-409D-94B9-51649958898B}.Release|x86.Build.0 = Release|x86
		{F7FD3302-ADB6-43AD-9EA2-1AE76CDB6DCE}.Debug|x86.ActiveCfg = Debug|x86
		{F7FD3302-ADB6-43AD-9EA2-1AE76CDB6DCE}.Debug|x86.Build.0 = Debug|x86
		{F7FD3302-ADB6-43AD-9EA2-1AE76CDB6DCE}.Release|x86.ActiveCfg = Release|x86
		{F7FD3302-ADB6-43AD-9EA2-1AE76CDB6DCE}.Release|x86.Build.0 = Release|x86
		{45A79E6B-7D07-40E5-AA72-3E6D91FA0402}.Debug|x86.ActiveCfg = Debug|x86
		{45A79E6B-7D07-40E5-AA72-3E6D91FA0402}.Debug|x86.Build.0 = Debug|x86
		{45A79E6B-7D07-40E5-AA72-3E6D91FA0402}.Release|x86.ActiveCfg = Release|x86
		{45A79E6B-7D07-40E5-AA72-3E6D91FA0402}.Release|x86.Build.0 = Release|x86
		{950C89CA-93E0-434C-8784-9B687251C679}.Debug|x86.ActiveCfg = Debug|x86
		{950C89CA-93E0-434C-8784-9B687251C679}.Debug|x86.Build.0 = Debug|x86
		{950C89CA-93E0-434C-8784-9B687251C679}.Release|x86.ActiveCfg = Release|x86
		{950C89CA-93E0-434C-8784-9B687251C679}.Release|x86.Build.0 = Release|x86
		{2484F0BE-B784-41BB-9744-1030D4A5A87A}.Debug|x86.ActiveCfg = Debug|x86
		{2484F0BE-B784-41BB-9744-1030D4A5A87A}.Debug|x86.Build.0 = Debug|x86
		{2484F0BE-B784-41BB-9744-1030D4A5A87A}.Release|x86.ActiveCfg = Release|x86
		{2484F0BE-B784-41BB-9744-1030D4A5A87A}.Release|x86.Build.0 = Release|x86
		{9FDFEDA6-3E46-4F0D-87FE-D74C08BB54EE}.Debug|x86.ActiveCfg = Debug|x86
		{9FDFEDA6-3E46-4F0D-87FE-D74C08BB54EE}.Debug|x86.Build.0 = Debug|x86
		{9FDFEDA6-3E46-4F0D-87FE-D74C08BB54EE}.Release|x86.ActiveCfg = Release|x86
		{9FDFEDA6-3E46-4F0D-87FE-D74C08BB54EE}.Release|x86.Build.0 = Release|x86
		{5E420AC1-AE30-4FF6-BBA0-2FF12FC785B2}.Debug|x86.ActiveCfg = Debug|x86
		{5E420AC1-AE30-4FF6-BBA0-2FF12FC785B2}.Debug|x86.Build.0 = Debug|x86
		{5E420AC1-AE30-4FF6-BBA0-2FF12FC785B2}.Release|x86.ActiveCfg = Release|x86
		{5E420AC1-AE30-4FF6-BBA0-2FF12FC785B2}.Release|x86.Build.0 = Release|x86
		{0FD49EE4-8869-4A0A-9B05-F981A4A8C720}.Debug|x86.ActiveCfg = Debug|x86
		{0FD49EE4-8869-4A0A-9B05-F981A4A8C720}.Debug|x86.Build.0 = Debug|x86
		{0FD49EE4-8869-4A0A-9B05-F981A4A8C720}.Release|x86.ActiveCfg = Release|x86
		{0FD49EE4-8869-4A0A-9B05-F981A4A8C720}.Release|x86.Build.0 = Release|x86
		{A1D5731D-AD13-4077-AF3B-A5F18E2ECA5D}.Debug|x86.ActiveCfg = Debug|x86
		{A1D5731D-AD13-4077-AF3B-A5F18E2ECA5D}.Debug|x86.Build.0 = Debug|x86
		{A1D5731D-AD13-4077-AF3B-A5F18E2ECA5D}.Release|x86.ActiveCfg = Release|x86
		{A1D5731D-AD13-4077-AF3B-A5F18E2ECA5D}.Release|x86.Build.0 = Release|x86
		{4055DA56-89F1-4D88-9410-AEF5D8CB5A38}.Debug|x86.ActiveCfg = Debug|x86
		{4055DA56-89F1-4D88-9410-AEF5D8CB5A38}.Debug|x86.Build.0 = Debug|x86
		{4055DA56-89F1-4D88-9410-AEF5D8CB5A38}.Release|x86.ActiveCfg = Release|x86
		{4055DA56-89F1-4D88-9410-AEF5D8CB5A38}.Release|x86.Build.0 = Release|x86
		{A2427068-DA0E-4DD9-A364-6C5533C467D9}.Debug|x86.ActiveCfg = Debug|x86
		{A2427068-DA0E-4DD9-A364-6C5533C467D9}.Debug|x86.Build.0 = Debug|x86
		{A2427068-DA0E-4DD9-A364-6C5533C467D9}.Release|x86.ActiveCfg = Release|x86
		{A2427068-DA0E-4DD9-A364-6C5533C467D9}.Release|x86.Build.0 = Release|x86
		{D521DADA-966F-4592-B72F-BF5ACA2E9F87}.Debug|x86.ActiveCfg = Debug|x86
		{D521DADA-966F-4592-B72F-BF5ACA2E9F87}.Debug|x86.Build.0 = Debug|x86
		{D521DADA-966F-4592-B72F-BF5ACA2E9F87}.Release|x86.ActiveCfg = Release|x86
		{D521DADA-966F-4592-B72F-BF5ACA2E9F87}.Release|x86.Build.0 = Release|x86
	EndGlobalSection
	GlobalSection(SolutionProperties) = preSolution
		HideSolutionNode = FALSE
	EndGlobalSection
	GlobalSection(ExtensibilityGlobals) = postSolution
		SolutionGuid = {80484D99-5178-4068-8140-4B359EE14D04}
	EndGlobalSection
EndGlobal
